
Microsoft Visual Studio Solution File, Format Version 12.00
# Visual Studio 2013
VisualStudioVersion = 12.0.31101.0
MinimumVisualStudioVersion = 10.0.40219.1
Project("{FAE04EC0-301F-11D3-BF4B-00C04F79EFBC}") = "AzureMailer", "AzureMailer\AzureMailer.csproj", "{17D8C4F4-664D-43D2-99D8-C23CC3EDA61E}"
EndProject
Project("{2150E333-8FDC-42A3-9474-1A3956D46DE8}") = ".nuget", ".nuget", "{BA981527-6932-4E5E-8621-E7E0F4388A19}"
	ProjectSection(SolutionItems) = preProject
		.nuget\NuGet.Config = .nuget\NuGet.Config
		.nuget\NuGet.exe = .nuget\NuGet.exe
		.nuget\NuGet.targets = .nuget\NuGet.targets
	EndProjectSection
EndProject
Project("{FAE04EC0-301F-11D3-BF4B-00C04F79EFBC}") = "FrameworkExtensions", "..\..\FrameworkExtensions\FrameworkExtensions\FrameworkExtensions\FrameworkExtensions.csproj", "{301DB13D-FC61-4B8D-9D0C-E60DEF102CA2}"
EndProject
Global
	GlobalSection(SolutionConfigurationPlatforms) = preSolution
		Debug|Any CPU = Debug|Any CPU
		Release|Any CPU = Release|Any CPU
	EndGlobalSection
	GlobalSection(ProjectConfigurationPlatforms) = postSolution
		{17D8C4F4-664D-43D2-99D8-C23CC3EDA61E}.Debug|Any CPU.ActiveCfg = Debug|Any CPU
		{17D8C4F4-664D-43D2-99D8-C23CC3EDA61E}.Debug|Any CPU.Build.0 = Debug|Any CPU
		{17D8C4F4-664D-43D2-99D8-C23CC3EDA61E}.Release|Any CPU.ActiveCfg = Release|Any CPU
		{17D8C4F4-664D-43D2-99D8-C23CC3EDA61E}.Release|Any CPU.Build.0 = Release|Any CPU
		{301DB13D-FC61-4B8D-9D0C-E60DEF102CA2}.Debug|Any CPU.ActiveCfg = Debug|Any CPU
		{301DB13D-FC61-4B8D-9D0C-E60DEF102CA2}.Debug|Any CPU.Build.0 = Debug|Any CPU
		{301DB13D-FC61-4B8D-9D0C-E60DEF102CA2}.Release|Any CPU.ActiveCfg = Release|Any CPU
		{301DB13D-FC61-4B8D-9D0C-E60DEF102CA2}.Release|Any CPU.Build.0 = Release|Any CPU
	EndGlobalSection
	GlobalSection(SolutionProperties) = preSolution
		HideSolutionNode = FALSE
	EndGlobalSection
EndGlobal
